// !$*UTF8*$!
{
	archiveVersion = 1;
	classes = {
	};
	objectVersion = 56;
	objects = {

/* Begin PBXBuildFile section */
		1106E3CA2A6865B400838906 /* HeaderView.swift in Sources */ = {isa = PBXBuildFile; fileRef = 1106E3C92A6865B400838906 /* HeaderView.swift */; };
		1106E3CC2A686C9B00838906 /* CustomHeaderButton.swift in Sources */ = {isa = PBXBuildFile; fileRef = 1106E3CB2A686C9B00838906 /* CustomHeaderButton.swift */; };
		11CCB03E2A681CA500083C27 /* View+ext.swift in Sources */ = {isa = PBXBuildFile; fileRef = 11CCB03D2A681CA500083C27 /* View+ext.swift */; };
		11E5EE452A66EB4F000A3BAD /* Color+ext.swift in Sources */ = {isa = PBXBuildFile; fileRef = 11E5EE442A66EB4F000A3BAD /* Color+ext.swift */; };
		11E5EE472A66EBAE000A3BAD /* Resource.swift in Sources */ = {isa = PBXBuildFile; fileRef = 11E5EE462A66EBAE000A3BAD /* Resource.swift */; };
		11E5EE4A2A66ED6A000A3BAD /* TabItem.swift in Sources */ = {isa = PBXBuildFile; fileRef = 11E5EE492A66ED6A000A3BAD /* TabItem.swift */; };
		11E5EE4C2A66FFB6000A3BAD /* TabBarButton.swift in Sources */ = {isa = PBXBuildFile; fileRef = 11E5EE4B2A66FFB6000A3BAD /* TabBarButton.swift */; };
		11E5EE4E2A67004F000A3BAD /* TabBarShape.swift in Sources */ = {isa = PBXBuildFile; fileRef = 11E5EE4D2A67004F000A3BAD /* TabBarShape.swift */; };
		11E5EE522A670EF9000A3BAD /* ProgressView.swift in Sources */ = {isa = PBXBuildFile; fileRef = 11E5EE512A670EF9000A3BAD /* ProgressView.swift */; };
		11F656CE2A66D058004C9EAA /* TrackerAppApp.swift in Sources */ = {isa = PBXBuildFile; fileRef = 11F656CD2A66D058004C9EAA /* TrackerAppApp.swift */; };
		11F656D02A66D058004C9EAA /* HomeView.swift in Sources */ = {isa = PBXBuildFile; fileRef = 11F656CF2A66D058004C9EAA /* HomeView.swift */; };
		11F656D22A66D05A004C9EAA /* Assets.xcassets in Resources */ = {isa = PBXBuildFile; fileRef = 11F656D12A66D05A004C9EAA /* Assets.xcassets */; };
		11F656D52A66D05A004C9EAA /* Preview Assets.xcassets in Resources */ = {isa = PBXBuildFile; fileRef = 11F656D42A66D05A004C9EAA /* Preview Assets.xcassets */; };
		11F656E02A66D229004C9EAA /* CustomTabBarView.swift in Sources */ = {isa = PBXBuildFile; fileRef = 11F656DF2A66D229004C9EAA /* CustomTabBarView.swift */; };
/* End PBXBuildFile section */

/* Begin PBXFileReference section */
		1106E3C92A6865B400838906 /* HeaderView.swift */ = {isa = PBXFileReference; lastKnownFileType = sourcecode.swift; path = HeaderView.swift; sourceTree = "<group>"; };
		1106E3CB2A686C9B00838906 /* CustomHeaderButton.swift */ = {isa = PBXFileReference; lastKnownFileType = sourcecode.swift; path = CustomHeaderButton.swift; sourceTree = "<group>"; };
		11CCB03D2A681CA500083C27 /* View+ext.swift */ = {isa = PBXFileReference; lastKnownFileType = sourcecode.swift; path = "View+ext.swift"; sourceTree = "<group>"; };
		11E5EE442A66EB4F000A3BAD /* Color+ext.swift */ = {isa = PBXFileReference; lastKnownFileType = sourcecode.swift; path = "Color+ext.swift"; sourceTree = "<group>"; };
		11E5EE462A66EBAE000A3BAD /* Resource.swift */ = {isa = PBXFileReference; lastKnownFileType = sourcecode.swift; path = Resource.swift; sourceTree = "<group>"; };
		11E5EE492A66ED6A000A3BAD /* TabItem.swift */ = {isa = PBXFileReference; lastKnownFileType = sourcecode.swift; path = TabItem.swift; sourceTree = "<group>"; };
		11E5EE4B2A66FFB6000A3BAD /* TabBarButton.swift */ = {isa = PBXFileReference; lastKnownFileType = sourcecode.swift; path = TabBarButton.swift; sourceTree = "<group>"; };
		11E5EE4D2A67004F000A3BAD /* TabBarShape.swift */ = {isa = PBXFileReference; lastKnownFileType = sourcecode.swift; path = TabBarShape.swift; sourceTree = "<group>"; };
		11E5EE512A670EF9000A3BAD /* ProgressView.swift */ = {isa = PBXFileReference; lastKnownFileType = sourcecode.swift; path = ProgressView.swift; sourceTree = "<group>"; };
		11F656CA2A66D058004C9EAA /* TrackerApp.app */ = {isa = PBXFileReference; explicitFileType = wrapper.application; includeInIndex = 0; path = TrackerApp.app; sourceTree = BUILT_PRODUCTS_DIR; };
		11F656CD2A66D058004C9EAA /* TrackerAppApp.swift */ = {isa = PBXFileReference; lastKnownFileType = sourcecode.swift; path = TrackerAppApp.swift; sourceTree = "<group>"; };
		11F656CF2A66D058004C9EAA /* HomeView.swift */ = {isa = PBXFileReference; lastKnownFileType = sourcecode.swift; path = HomeView.swift; sourceTree = "<group>"; };
		11F656D12A66D05A004C9EAA /* Assets.xcassets */ = {isa = PBXFileReference; lastKnownFileType = folder.assetcatalog; path = Assets.xcassets; sourceTree = "<group>"; };
		11F656D42A66D05A004C9EAA /* Preview Assets.xcassets */ = {isa = PBXFileReference; lastKnownFileType = folder.assetcatalog; path = "Preview Assets.xcassets"; sourceTree = "<group>"; };
		11F656DF2A66D229004C9EAA /* CustomTabBarView.swift */ = {isa = PBXFileReference; lastKnownFileType = sourcecode.swift; path = CustomTabBarView.swift; sourceTree = "<group>"; };
/* End PBXFileReference section */

/* Begin PBXFrameworksBuildPhase section */
		11F656C72A66D058004C9EAA /* Frameworks */ = {
			isa = PBXFrameworksBuildPhase;
			buildActionMask = 2147483647;
			files = (
			);
			runOnlyForDeploymentPostprocessing = 0;
		};
/* End PBXFrameworksBuildPhase section */

/* Begin PBXGroup section */
		11E5EE432A66EB27000A3BAD /* Extensions */ = {
			isa = PBXGroup;
			children = (
				11E5EE442A66EB4F000A3BAD /* Color+ext.swift */,
				11CCB03D2A681CA500083C27 /* View+ext.swift */,
			);
			path = Extensions;
			sourceTree = "<group>";
		};
		11E5EE482A66ED59000A3BAD /* Components+Models */ = {
			isa = PBXGroup;
			children = (
				11E5EE492A66ED6A000A3BAD /* TabItem.swift */,
				11E5EE4B2A66FFB6000A3BAD /* TabBarButton.swift */,
				11E5EE4D2A67004F000A3BAD /* TabBarShape.swift */,
			);
			path = "Components+Models";
			sourceTree = "<group>";
		};
		11E5EE4F2A670ED1000A3BAD /* Home */ = {
			isa = PBXGroup;
			children = (
				11E5EE502A670EE5000A3BAD /* ProgressView */,
			);
			path = Home;
			sourceTree = "<group>";
		};
		11E5EE502A670EE5000A3BAD /* ProgressView */ = {
			isa = PBXGroup;
			children = (
				11E5EE512A670EF9000A3BAD /* ProgressView.swift */,
				1106E3C92A6865B400838906 /* HeaderView.swift */,
				1106E3CB2A686C9B00838906 /* CustomHeaderButton.swift */,
			);
			path = ProgressView;
			sourceTree = "<group>";
		};
		11F656C12A66D058004C9EAA = {
			isa = PBXGroup;
			children = (
				11F656CC2A66D058004C9EAA /* TrackerApp */,
				11F656CB2A66D058004C9EAA /* Products */,
			);
			sourceTree = "<group>";
		};
		11F656CB2A66D058004C9EAA /* Products */ = {
			isa = PBXGroup;
			children = (
				11F656CA2A66D058004C9EAA /* TrackerApp.app */,
			);
			name = Products;
			sourceTree = "<group>";
		};
		11F656CC2A66D058004C9EAA /* TrackerApp */ = {
			isa = PBXGroup;
			children = (
				11E5EE432A66EB27000A3BAD /* Extensions */,
				11F656DD2A66D0A4004C9EAA /* Views */,
				11F656DC2A66D09C004C9EAA /* Resources */,
				11F656DB2A66D096004C9EAA /* Application */,
				11F656D32A66D05A004C9EAA /* Preview Content */,
			);
			path = TrackerApp;
			sourceTree = "<group>";
		};
		11F656D32A66D05A004C9EAA /* Preview Content */ = {
			isa = PBXGroup;
			children = (
				11F656D42A66D05A004C9EAA /* Preview Assets.xcassets */,
			);
			path = "Preview Content";
			sourceTree = "<group>";
		};
		11F656DB2A66D096004C9EAA /* Application */ = {
			isa = PBXGroup;
			children = (
				11F656CD2A66D058004C9EAA /* TrackerAppApp.swift */,
			);
			path = Application;
			sourceTree = "<group>";
		};
		11F656DC2A66D09C004C9EAA /* Resources */ = {
			isa = PBXGroup;
			children = (
				11F656D12A66D05A004C9EAA /* Assets.xcassets */,
				11E5EE462A66EBAE000A3BAD /* Resource.swift */,
			);
			path = Resources;
			sourceTree = "<group>";
		};
		11F656DD2A66D0A4004C9EAA /* Views */ = {
			isa = PBXGroup;
			children = (
				11E5EE4F2A670ED1000A3BAD /* Home */,
				11F656DE2A66D1E8004C9EAA /* TabBar */,
				11F656CF2A66D058004C9EAA /* HomeView.swift */,
			);
			path = Views;
			sourceTree = "<group>";
		};
		11F656DE2A66D1E8004C9EAA /* TabBar */ = {
			isa = PBXGroup;
			children = (
				11E5EE482A66ED59000A3BAD /* Components+Models */,
				11F656DF2A66D229004C9EAA /* CustomTabBarView.swift */,
			);
			path = TabBar;
			sourceTree = "<group>";
		};
/* End PBXGroup section */

/* Begin PBXNativeTarget section */
		11F656C92A66D058004C9EAA /* TrackerApp */ = {
			isa = PBXNativeTarget;
			buildConfigurationList = 11F656D82A66D05A004C9EAA /* Build configuration list for PBXNativeTarget "TrackerApp" */;
			buildPhases = (
				11F656C62A66D058004C9EAA /* Sources */,
				11F656C72A66D058004C9EAA /* Frameworks */,
				11F656C82A66D058004C9EAA /* Resources */,
			);
			buildRules = (
			);
			dependencies = (
			);
			name = TrackerApp;
			productName = TrackerApp;
			productReference = 11F656CA2A66D058004C9EAA /* TrackerApp.app */;
			productType = "com.apple.product-type.application";
		};
/* End PBXNativeTarget section */

/* Begin PBXProject section */
		11F656C22A66D058004C9EAA /* Project object */ = {
			isa = PBXProject;
			attributes = {
				BuildIndependentTargetsInParallel = 1;
				LastSwiftUpdateCheck = 1410;
				LastUpgradeCheck = 1410;
				TargetAttributes = {
					11F656C92A66D058004C9EAA = {
						CreatedOnToolsVersion = 14.1;
					};
				};
			};
			buildConfigurationList = 11F656C52A66D058004C9EAA /* Build configuration list for PBXProject "TrackerApp" */;
			compatibilityVersion = "Xcode 14.0";
			developmentRegion = en;
			hasScannedForEncodings = 0;
			knownRegions = (
				en,
				Base,
			);
			mainGroup = 11F656C12A66D058004C9EAA;
			productRefGroup = 11F656CB2A66D058004C9EAA /* Products */;
			projectDirPath = "";
			projectRoot = "";
			targets = (
				11F656C92A66D058004C9EAA /* TrackerApp */,
			);
		};
/* End PBXProject section */

/* Begin PBXResourcesBuildPhase section */
		11F656C82A66D058004C9EAA /* Resources */ = {
			isa = PBXResourcesBuildPhase;
			buildActionMask = 2147483647;
			files = (
				11F656D52A66D05A004C9EAA /* Preview Assets.xcassets in Resources */,
				11F656D22A66D05A004C9EAA /* Assets.xcassets in Resources */,
			);
			runOnlyForDeploymentPostprocessing = 0;
		};
/* End PBXResourcesBuildPhase section */

/* Begin PBXSourcesBuildPhase section */
		11F656C62A66D058004C9EAA /* Sources */ = {
			isa = PBXSourcesBuildPhase;
			buildActionMask = 2147483647;
			files = (
				11F656E02A66D229004C9EAA /* CustomTabBarView.swift in Sources */,
				11E5EE4E2A67004F000A3BAD /* TabBarShape.swift in Sources */,
				11CCB03E2A681CA500083C27 /* View+ext.swift in Sources */,
				11E5EE452A66EB4F000A3BAD /* Color+ext.swift in Sources */,
				11E5EE4A2A66ED6A000A3BAD /* TabItem.swift in Sources */,
				11F656D02A66D058004C9EAA /* HomeView.swift in Sources */,
				11E5EE4C2A66FFB6000A3BAD /* TabBarButton.swift in Sources */,
				1106E3CA2A6865B400838906 /* HeaderView.swift in Sources */,
				11E5EE472A66EBAE000A3BAD /* Resource.swift in Sources */,
				11F656CE2A66D058004C9EAA /* TrackerAppApp.swift in Sources */,
				11E5EE522A670EF9000A3BAD /* ProgressView.swift in Sources */,
				1106E3CC2A686C9B00838906 /* CustomHeaderButton.swift in Sources */,
			);
			runOnlyForDeploymentPostprocessing = 0;
		};
/* End PBXSourcesBuildPhase section */

/* Begin XCBuildConfiguration section */
		11F656D62A66D05A004C9EAA /* Debug */ = {
			isa = XCBuildConfiguration;
			buildSettings = {
				ALWAYS_SEARCH_USER_PATHS = NO;
				CLANG_ANALYZER_NONNULL = YES;
				CLANG_ANALYZER_NUMBER_OBJECT_CONVERSION = YES_AGGRESSIVE;
				CLANG_CXX_LANGUAGE_STANDARD = "gnu++20";
				CLANG_ENABLE_MODULES = YES;
				CLANG_ENABLE_OBJC_ARC = YES;
				CLANG_ENABLE_OBJC_WEAK = YES;
				CLANG_WARN_BLOCK_CAPTURE_AUTORELEASING = YES;
				CLANG_WARN_BOOL_CONVERSION = YES;
				CLANG_WARN_COMMA = YES;
				CLANG_WARN_CONSTANT_CONVERSION = YES;
				CLANG_WARN_DEPRECATED_OBJC_IMPLEMENTATIONS = YES;
				CLANG_WARN_DIRECT_OBJC_ISA_USAGE = YES_ERROR;
				CLANG_WARN_DOCUMENTATION_COMMENTS = YES;
				CLANG_WARN_EMPTY_BODY = YES;
				CLANG_WARN_ENUM_CONVERSION = YES;
				CLANG_WARN_INFINITE_RECURSION = YES;
				CLANG_WARN_INT_CONVERSION = YES;
				CLANG_WARN_NON_LITERAL_NULL_CONVERSION = YES;
				CLANG_WARN_OBJC_IMPLICIT_RETAIN_SELF = YES;
				CLANG_WARN_OBJC_LITERAL_CONVERSION = YES;
				CLANG_WARN_OBJC_ROOT_CLASS = YES_ERROR;
				CLANG_WARN_QUOTED_INCLUDE_IN_FRAMEWORK_HEADER = YES;
				CLANG_WARN_RANGE_LOOP_ANALYSIS = YES;
				CLANG_WARN_STRICT_PROTOTYPES = YES;
				CLANG_WARN_SUSPICIOUS_MOVE = YES;
				CLANG_WARN_UNGUARDED_AVAILABILITY = YES_AGGRESSIVE;
				CLANG_WARN_UNREACHABLE_CODE = YES;
				CLANG_WARN__DUPLICATE_METHOD_MATCH = YES;
				COPY_PHASE_STRIP = NO;
				DEBUG_INFORMATION_FORMAT = dwarf;
				ENABLE_STRICT_OBJC_MSGSEND = YES;
				ENABLE_TESTABILITY = YES;
				GCC_C_LANGUAGE_STANDARD = gnu11;
				GCC_DYNAMIC_NO_PIC = NO;
				GCC_NO_COMMON_BLOCKS = YES;
				GCC_OPTIMIZATION_LEVEL = 0;
				GCC_PREPROCESSOR_DEFINITIONS = (
					"DEBUG=1",
					"$(inherited)",
				);
				GCC_WARN_64_TO_32_BIT_CONVERSION = YES;
				GCC_WARN_ABOUT_RETURN_TYPE = YES_ERROR;
				GCC_WARN_UNDECLARED_SELECTOR = YES;
				GCC_WARN_UNINITIALIZED_AUTOS = YES_AGGRESSIVE;
				GCC_WARN_UNUSED_FUNCTION = YES;
				GCC_WARN_UNUSED_VARIABLE = YES;
				IPHONEOS_DEPLOYMENT_TARGET = 16.1;
				MTL_ENABLE_DEBUG_INFO = INCLUDE_SOURCE;
				MTL_FAST_MATH = YES;
				ONLY_ACTIVE_ARCH = YES;
				SDKROOT = iphoneos;
				SWIFT_ACTIVE_COMPILATION_CONDITIONS = DEBUG;
				SWIFT_OPTIMIZATION_LEVEL = "-Onone";
			};
			name = Debug;
		};
		11F656D72A66D05A004C9EAA /* Release */ = {
			isa = XCBuildConfiguration;
			buildSettings = {
				ALWAYS_SEARCH_USER_PATHS = NO;
				CLANG_ANALYZER_NONNULL = YES;
				CLANG_ANALYZER_NUMBER_OBJECT_CONVERSION = YES_AGGRESSIVE;
				CLANG_CXX_LANGUAGE_STANDARD = "gnu++20";
				CLANG_ENABLE_MODULES = YES;
				CLANG_ENABLE_OBJC_ARC = YES;
				CLANG_ENABLE_OBJC_WEAK = YES;
				CLANG_WARN_BLOCK_CAPTURE_AUTORELEASING = YES;
				CLANG_WARN_BOOL_CONVERSION = YES;
				CLANG_WARN_COMMA = YES;
				CLANG_WARN_CONSTANT_CONVERSION = YES;
				CLANG_WARN_DEPRECATED_OBJC_IMPLEMENTATIONS = YES;
				CLANG_WARN_DIRECT_OBJC_ISA_USAGE = YES_ERROR;
				CLANG_WARN_DOCUMENTATION_COMMENTS = YES;
				CLANG_WARN_EMPTY_BODY = YES;
				CLANG_WARN_ENUM_CONVERSION = YES;
				CLANG_WARN_INFINITE_RECURSION = YES;
				CLANG_WARN_INT_CONVERSION = YES;
				CLANG_WARN_NON_LITERAL_NULL_CONVERSION = YES;
				CLANG_WARN_OBJC_IMPLICIT_RETAIN_SELF = YES;
				CLANG_WARN_OBJC_LITERAL_CONVERSION = YES;
				CLANG_WARN_OBJC_ROOT_CLASS = YES_ERROR;
				CLANG_WARN_QUOTED_INCLUDE_IN_FRAMEWORK_HEADER = YES;
				CLANG_WARN_RANGE_LOOP_ANALYSIS = YES;
				CLANG_WARN_STRICT_PROTOTYPES = YES;
				CLANG_WARN_SUSPICIOUS_MOVE = YES;
				CLANG_WARN_UNGUARDED_AVAILABILITY = YES_AGGRESSIVE;
				CLANG_WARN_UNREACHABLE_CODE = YES;
				CLANG_WARN__DUPLICATE_METHOD_MATCH = YES;
				COPY_PHASE_STRIP = NO;
				DEBUG_INFORMATION_FORMAT = "dwarf-with-dsym";
				ENABLE_NS_ASSERTIONS = NO;
				ENABLE_STRICT_OBJC_MSGSEND = YES;
				GCC_C_LANGUAGE_STANDARD = gnu11;
				GCC_NO_COMMON_BLOCKS = YES;
				GCC_WARN_64_TO_32_BIT_CONVERSION = YES;
				GCC_WARN_ABOUT_RETURN_TYPE = YES_ERROR;
				GCC_WARN_UNDECLARED_SELECTOR = YES;
				GCC_WARN_UNINITIALIZED_AUTOS = YES_AGGRESSIVE;
				GCC_WARN_UNUSED_FUNCTION = YES;
				GCC_WARN_UNUSED_VARIABLE = YES;
				IPHONEOS_DEPLOYMENT_TARGET = 16.1;
				MTL_ENABLE_DEBUG_INFO = NO;
				MTL_FAST_MATH = YES;
				SDKROOT = iphoneos;
				SWIFT_COMPILATION_MODE = wholemodule;
				SWIFT_OPTIMIZATION_LEVEL = "-O";
				VALIDATE_PRODUCT = YES;
			};
			name = Release;
		};
		11F656D92A66D05A004C9EAA /* Debug */ = {
			isa = XCBuildConfiguration;
			buildSettings = {
				ASSETCATALOG_COMPILER_APPICON_NAME = AppIcon;
				ASSETCATALOG_COMPILER_GLOBAL_ACCENT_COLOR_NAME = AccentColor;
				CODE_SIGN_STYLE = Automatic;
				CURRENT_PROJECT_VERSION = 1;
				DEVELOPMENT_ASSET_PATHS = "\"TrackerApp/Preview Content\"";
				DEVELOPMENT_TEAM = Q3NL6VLK5D;
				ENABLE_PREVIEWS = YES;
				GENERATE_INFOPLIST_FILE = YES;
				INFOPLIST_KEY_UIApplicationSceneManifest_Generation = YES;
				INFOPLIST_KEY_UIApplicationSupportsIndirectInputEvents = YES;
				INFOPLIST_KEY_UILaunchScreen_Generation = YES;
				INFOPLIST_KEY_UISupportedInterfaceOrientations_iPad = "UIInterfaceOrientationPortrait UIInterfaceOrientationPortraitUpsideDown UIInterfaceOrientationLandscapeLeft UIInterfaceOrientationLandscapeRight";
				INFOPLIST_KEY_UISupportedInterfaceOrientations_iPhone = "UIInterfaceOrientationPortrait UIInterfaceOrientationLandscapeLeft UIInterfaceOrientationLandscapeRight";
				IPHONEOS_DEPLOYMENT_TARGET = 16.0;
				LD_RUNPATH_SEARCH_PATHS = (
					"$(inherited)",
					"@executable_path/Frameworks",
				);
				MARKETING_VERSION = 1.0;
				PRODUCT_BUNDLE_IDENTIFIER = FLT.TrackerApp;
				PRODUCT_NAME = "$(TARGET_NAME)";
				SWIFT_EMIT_LOC_STRINGS = YES;
				SWIFT_VERSION = 5.0;
				TARGETED_DEVICE_FAMILY = "1,2";
			};
			name = Debug;
		};
		11F656DA2A66D05A004C9EAA /* Release */ = {
			isa = XCBuildConfiguration;
			buildSettings = {
				ASSETCATALOG_COMPILER_APPICON_NAME = AppIcon;
				ASSETCATALOG_COMPILER_GLOBAL_ACCENT_COLOR_NAME = AccentColor;
				CODE_SIGN_STYLE = Automatic;
				CURRENT_PROJECT_VERSION = 1;
				DEVELOPMENT_ASSET_PATHS = "\"TrackerApp/Preview Content\"";
				DEVELOPMENT_TEAM = Q3NL6VLK5D;
				ENABLE_PREVIEWS = YES;
				GENERATE_INFOPLIST_FILE = YES;
				INFOPLIST_KEY_UIApplicationSceneManifest_Generation = YES;
				INFOPLIST_KEY_UIApplicationSupportsIndirectInputEvents = YES;
				INFOPLIST_KEY_UILaunchScreen_Generation = YES;
				INFOPLIST_KEY_UISupportedInterfaceOrientations_iPad = "UIInterfaceOrientationPortrait UIInterfaceOrientationPortraitUpsideDown UIInterfaceOrientationLandscapeLeft UIInterfaceOrientationLandscapeRight";
				INFOPLIST_KEY_UISupportedInterfaceOrientations_iPhone = "UIInterfaceOrientationPortrait UIInterfaceOrientationLandscapeLeft UIInterfaceOrientationLandscapeRight";
				IPHONEOS_DEPLOYMENT_TARGET = 16.0;
				LD_RUNPATH_SEARCH_PATHS = (
					"$(inherited)",
					"@executable_path/Frameworks",
				);
				MARKETING_VERSION = 1.0;
				PRODUCT_BUNDLE_IDENTIFIER = FLT.TrackerApp;
				PRODUCT_NAME = "$(TARGET_NAME)";
				SWIFT_EMIT_LOC_STRINGS = YES;
				SWIFT_VERSION = 5.0;
				TARGETED_DEVICE_FAMILY = "1,2";
			};
			name = Release;
		};
/* End XCBuildConfiguration section */

/* Begin XCConfigurationList section */
		11F656C52A66D058004C9EAA /* Build configuration list for PBXProject "TrackerApp" */ = {
			isa = XCConfigurationList;
			buildConfigurations = (
				11F656D62A66D05A004C9EAA /* Debug */,
				11F656D72A66D05A004C9EAA /* Release */,
			);
			defaultConfigurationIsVisible = 0;
			defaultConfigurationName = Release;
		};
		11F656D82A66D05A004C9EAA /* Build configuration list for PBXNativeTarget "TrackerApp" */ = {
			isa = XCConfigurationList;
			buildConfigurations = (
				11F656D92A66D05A004C9EAA /* Debug */,
				11F656DA2A66D05A004C9EAA /* Release */,
			);
			defaultConfigurationIsVisible = 0;
			defaultConfigurationName = Release;
		};
/* End XCConfigurationList section */
	};
	rootObject = 11F656C22A66D058004C9EAA /* Project object */;
}
